// !$*UTF8*$!
{
	archiveVersion = 1;
	classes = {
	};
	objectVersion = 46;
	objects = {

/* Begin PBXBuildFile section */
		D9C133C0191CDAD9002968D8 /* Foundation.framework in Frameworks */ = {isa = PBXBuildFile; fileRef = D9C133BF191CDAD9002968D8 /* Foundation.framework */; };
		D9C133C2191CDAD9002968D8 /* CoreGraphics.framework in Frameworks */ = {isa = PBXBuildFile; fileRef = D9C133C1191CDAD9002968D8 /* CoreGraphics.framework */; };
		D9C133C4191CDAD9002968D8 /* UIKit.framework in Frameworks */ = {isa = PBXBuildFile; fileRef = D9C133C3191CDAD9002968D8 /* UIKit.framework */; };
		D9C133CA191CDAD9002968D8 /* InfoPlist.strings in Resources */ = {isa = PBXBuildFile; fileRef = D9C133C8191CDAD9002968D8 /* InfoPlist.strings */; };
		D9C133CC191CDAD9002968D8 /* main.m in Sources */ = {isa = PBXBuildFile; fileRef = D9C133CB191CDAD9002968D8 /* main.m */; };
		D9C133D0191CDAD9002968D8 /* SAppDelegate.m in Sources */ = {isa = PBXBuildFile; fileRef = D9C133CF191CDAD9002968D8 /* SAppDelegate.m */; };
		D9C133D3191CDAD9002968D8 /* Main.storyboard in Resources */ = {isa = PBXBuildFile; fileRef = D9C133D1191CDAD9002968D8 /* Main.storyboard */; };
		D9C133D6191CDAD9002968D8 /* SViewController.m in Sources */ = {isa = PBXBuildFile; fileRef = D9C133D5191CDAD9002968D8 /* SViewController.m */; };
		D9C133D8191CDAD9002968D8 /* Images.xcassets in Resources */ = {isa = PBXBuildFile; fileRef = D9C133D7191CDAD9002968D8 /* Images.xcassets */; };
		D9C133DF191CDAD9002968D8 /* XCTest.framework in Frameworks */ = {isa = PBXBuildFile; fileRef = D9C133DE191CDAD9002968D8 /* XCTest.framework */; };
		D9C133E0191CDAD9002968D8 /* Foundation.framework in Frameworks */ = {isa = PBXBuildFile; fileRef = D9C133BF191CDAD9002968D8 /* Foundation.framework */; };
		D9C133E1191CDAD9002968D8 /* UIKit.framework in Frameworks */ = {isa = PBXBuildFile; fileRef = D9C133C3191CDAD9002968D8 /* UIKit.framework */; };
		D9C133E9191CDAD9002968D8 /* InfoPlist.strings in Resources */ = {isa = PBXBuildFile; fileRef = D9C133E7191CDAD9002968D8 /* InfoPlist.strings */; };
		D9C133EB191CDAD9002968D8 /* ionicons_FontTests.m in Sources */ = {isa = PBXBuildFile; fileRef = D9C133EA191CDAD9002968D8 /* ionicons_FontTests.m */; };
		D9C133F8191CDB94002968D8 /* ionicons.ttf in Resources */ = {isa = PBXBuildFile; fileRef = D9C133F5191CDB94002968D8 /* ionicons.ttf */; };
		D9C133F9191CDB94002968D8 /* IonIconsKit.m in Sources */ = {isa = PBXBuildFile; fileRef = D9C133F7191CDB94002968D8 /* IonIconsKit.m */; };
/* End PBXBuildFile section */

/* Begin PBXContainerItemProxy section */
		D9C133E2191CDAD9002968D8 /* PBXContainerItemProxy */ = {
			isa = PBXContainerItemProxy;
			containerPortal = D9C133B4191CDAD9002968D8 /* Project object */;
			proxyType = 1;
			remoteGlobalIDString = D9C133BB191CDAD9002968D8;
			remoteInfo = "ionicons Font";
		};
/* End PBXContainerItemProxy section */

/* Begin PBXFileReference section */
		D9C133BC191CDAD9002968D8 /* ionicons Font.app */ = {isa = PBXFileReference; explicitFileType = wrapper.application; includeInIndex = 0; path = "ionicons Font.app"; sourceTree = BUILT_PRODUCTS_DIR; };
		D9C133BF191CDAD9002968D8 /* Foundation.framework */ = {isa = PBXFileReference; lastKnownFileType = wrapper.framework; name = Foundation.framework; path = System/Library/Frameworks/Foundation.framework; sourceTree = SDKROOT; };
		D9C133C1191CDAD9002968D8 /* CoreGraphics.framework */ = {isa = PBXFileReference; lastKnownFileType = wrapper.framework; name = CoreGraphics.framework; path = System/Library/Frameworks/CoreGraphics.framework; sourceTree = SDKROOT; };
		D9C133C3191CDAD9002968D8 /* UIKit.framework */ = {isa = PBXFileReference; lastKnownFileType = wrapper.framework; name = UIKit.framework; path = System/Library/Frameworks/UIKit.framework; sourceTree = SDKROOT; };
		D9C133C7191CDAD9002968D8 /* ionicons Font-Info.plist */ = {isa = PBXFileReference; lastKnownFileType = text.plist.xml; path = "ionicons Font-Info.plist"; sourceTree = "<group>"; };
		D9C133C9191CDAD9002968D8 /* en */ = {isa = PBXFileReference; lastKnownFileType = text.plist.strings; name = en; path = en.lproj/InfoPlist.strings; sourceTree = "<group>"; };
		D9C133CB191CDAD9002968D8 /* main.m */ = {isa = PBXFileReference; lastKnownFileType = sourcecode.c.objc; path = main.m; sourceTree = "<group>"; };
		D9C133CD191CDAD9002968D8 /* ionicons Font-Prefix.pch */ = {isa = PBXFileReference; lastKnownFileType = sourcecode.c.h; path = "ionicons Font-Prefix.pch"; sourceTree = "<group>"; };
		D9C133CE191CDAD9002968D8 /* SAppDelegate.h */ = {isa = PBXFileReference; lastKnownFileType = sourcecode.c.h; path = SAppDelegate.h; sourceTree = "<group>"; };
		D9C133CF191CDAD9002968D8 /* SAppDelegate.m */ = {isa = PBXFileReference; lastKnownFileType = sourcecode.c.objc; path = SAppDelegate.m; sourceTree = "<group>"; };
		D9C133D2191CDAD9002968D8 /* Base */ = {isa = PBXFileReference; lastKnownFileType = file.storyboard; name = Base; path = Base.lproj/Main.storyboard; sourceTree = "<group>"; };
		D9C133D4191CDAD9002968D8 /* SViewController.h */ = {isa = PBXFileReference; lastKnownFileType = sourcecode.c.h; path = SViewController.h; sourceTree = "<group>"; };
		D9C133D5191CDAD9002968D8 /* SViewController.m */ = {isa = PBXFileReference; lastKnownFileType = sourcecode.c.objc; path = SViewController.m; sourceTree = "<group>"; };
		D9C133D7191CDAD9002968D8 /* Images.xcassets */ = {isa = PBXFileReference; lastKnownFileType = folder.assetcatalog; path = Images.xcassets; sourceTree = "<group>"; };
		D9C133DD191CDAD9002968D8 /* ionicons FontTests.xctest */ = {isa = PBXFileReference; explicitFileType = wrapper.cfbundle; includeInIndex = 0; path = "ionicons FontTests.xctest"; sourceTree = BUILT_PRODUCTS_DIR; };
		D9C133DE191CDAD9002968D8 /* XCTest.framework */ = {isa = PBXFileReference; lastKnownFileType = wrapper.framework; name = XCTest.framework; path = Library/Frameworks/XCTest.framework; sourceTree = DEVELOPER_DIR; };
		D9C133E6191CDAD9002968D8 /* ionicons FontTests-Info.plist */ = {isa = PBXFileReference; lastKnownFileType = text.plist.xml; path = "ionicons FontTests-Info.plist"; sourceTree = "<group>"; };
		D9C133E8191CDAD9002968D8 /* en */ = {isa = PBXFileReference; lastKnownFileType = text.plist.strings; name = en; path = en.lproj/InfoPlist.strings; sourceTree = "<group>"; };
		D9C133EA191CDAD9002968D8 /* ionicons_FontTests.m */ = {isa = PBXFileReference; lastKnownFileType = sourcecode.c.objc; path = ionicons_FontTests.m; sourceTree = "<group>"; };
		D9C133F5191CDB94002968D8 /* ionicons.ttf */ = {isa = PBXFileReference; lastKnownFileType = file; path = ionicons.ttf; sourceTree = "<group>"; };
		D9C133F6191CDB94002968D8 /* IonIconsKit.h */ = {isa = PBXFileReference; fileEncoding = 4; lastKnownFileType = sourcecode.c.h; path = IonIconsKit.h; sourceTree = "<group>"; };
		D9C133F7191CDB94002968D8 /* IonIconsKit.m */ = {isa = PBXFileReference; fileEncoding = 4; lastKnownFileType = sourcecode.c.objc; path = IonIconsKit.m; sourceTree = "<group>"; };
/* End PBXFileReference section */

/* Begin PBXFrameworksBuildPhase section */
		D9C133B9191CDAD9002968D8 /* Frameworks */ = {
			isa = PBXFrameworksBuildPhase;
			buildActionMask = 2147483647;
			files = (
				D9C133C2191CDAD9002968D8 /* CoreGraphics.framework in Frameworks */,
				D9C133C4191CDAD9002968D8 /* UIKit.framework in Frameworks */,
				D9C133C0191CDAD9002968D8 /* Foundation.framework in Frameworks */,
			);
			runOnlyForDeploymentPostprocessing = 0;
		};
		D9C133DA191CDAD9002968D8 /* Frameworks */ = {
			isa = PBXFrameworksBuildPhase;
			buildActionMask = 2147483647;
			files = (
				D9C133DF191CDAD9002968D8 /* XCTest.framework in Frameworks */,
				D9C133E1191CDAD9002968D8 /* UIKit.framework in Frameworks */,
				D9C133E0191CDAD9002968D8 /* Foundation.framework in Frameworks */,
			);
			runOnlyForDeploymentPostprocessing = 0;
		};
/* End PBXFrameworksBuildPhase section */

/* Begin PBXGroup section */
		D9C133B3191CDAD9002968D8 = {
			isa = PBXGroup;
			children = (
				D9C133C5191CDAD9002968D8 /* ionicons Font */,
				D9C133E4191CDAD9002968D8 /* ionicons FontTests */,
				D9C133BE191CDAD9002968D8 /* Frameworks */,
				D9C133BD191CDAD9002968D8 /* Products */,
			);
			sourceTree = "<group>";
		};
		D9C133BD191CDAD9002968D8 /* Products */ = {
			isa = PBXGroup;
			children = (
				D9C133BC191CDAD9002968D8 /* ionicons Font.app */,
				D9C133DD191CDAD9002968D8 /* ionicons FontTests.xctest */,
			);
			name = Products;
			sourceTree = "<group>";
		};
		D9C133BE191CDAD9002968D8 /* Frameworks */ = {
			isa = PBXGroup;
			children = (
				D9C133BF191CDAD9002968D8 /* Foundation.framework */,
				D9C133C1191CDAD9002968D8 /* CoreGraphics.framework */,
				D9C133C3191CDAD9002968D8 /* UIKit.framework */,
				D9C133DE191CDAD9002968D8 /* XCTest.framework */,
			);
			name = Frameworks;
			sourceTree = "<group>";
		};
		D9C133C5191CDAD9002968D8 /* ionicons Font */ = {
			isa = PBXGroup;
			children = (
				D9C133F4191CDB94002968D8 /* ionicons */,
				D9C133CE191CDAD9002968D8 /* SAppDelegate.h */,
				D9C133CF191CDAD9002968D8 /* SAppDelegate.m */,
				D9C133D1191CDAD9002968D8 /* Main.storyboard */,
				D9C133D4191CDAD9002968D8 /* SViewController.h */,
				D9C133D5191CDAD9002968D8 /* SViewController.m */,
				D9C133D7191CDAD9002968D8 /* Images.xcassets */,
				D9C133C6191CDAD9002968D8 /* Supporting Files */,
			);
			path = "ionicons Font";
			sourceTree = "<group>";
		};
		D9C133C6191CDAD9002968D8 /* Supporting Files */ = {
			isa = PBXGroup;
			children = (
				D9C133C7191CDAD9002968D8 /* ionicons Font-Info.plist */,
				D9C133C8191CDAD9002968D8 /* InfoPlist.strings */,
				D9C133CB191CDAD9002968D8 /* main.m */,
				D9C133CD191CDAD9002968D8 /* ionicons Font-Prefix.pch */,
			);
			name = "Supporting Files";
			sourceTree = "<group>";
		};
		D9C133E4191CDAD9002968D8 /* ionicons FontTests */ = {
			isa = PBXGroup;
			children = (
				D9C133EA191CDAD9002968D8 /* ionicons_FontTests.m */,
				D9C133E5191CDAD9002968D8 /* Supporting Files */,
			);
			path = "ionicons FontTests";
			sourceTree = "<group>";
		};
		D9C133E5191CDAD9002968D8 /* Supporting Files */ = {
			isa = PBXGroup;
			children = (
				D9C133E6191CDAD9002968D8 /* ionicons FontTests-Info.plist */,
				D9C133E7191CDAD9002968D8 /* InfoPlist.strings */,
			);
			name = "Supporting Files";
			sourceTree = "<group>";
		};
		D9C133F4191CDB94002968D8 /* ionicons */ = {
			isa = PBXGroup;
			children = (
				D9C133F5191CDB94002968D8 /* ionicons.ttf */,
				D9C133F6191CDB94002968D8 /* IonIconsKit.h */,
				D9C133F7191CDB94002968D8 /* IonIconsKit.m */,
			);
			path = ionicons;
			sourceTree = "<group>";
		};
/* End PBXGroup section */

/* Begin PBXNativeTarget section */
		D9C133BB191CDAD9002968D8 /* ionicons Font */ = {
			isa = PBXNativeTarget;
			buildConfigurationList = D9C133EE191CDAD9002968D8 /* Build configuration list for PBXNativeTarget "ionicons Font" */;
			buildPhases = (
				D9C133B8191CDAD9002968D8 /* Sources */,
				D9C133B9191CDAD9002968D8 /* Frameworks */,
				D9C133BA191CDAD9002968D8 /* Resources */,
			);
			buildRules = (
			);
			dependencies = (
			);
			name = "ionicons Font";
			productName = "ionicons Font";
			productReference = D9C133BC191CDAD9002968D8 /* ionicons Font.app */;
			productType = "com.apple.product-type.application";
		};
		D9C133DC191CDAD9002968D8 /* ionicons FontTests */ = {
			isa = PBXNativeTarget;
			buildConfigurationList = D9C133F1191CDAD9002968D8 /* Build configuration list for PBXNativeTarget "ionicons FontTests" */;
			buildPhases = (
				D9C133D9191CDAD9002968D8 /* Sources */,
				D9C133DA191CDAD9002968D8 /* Frameworks */,
				D9C133DB191CDAD9002968D8 /* Resources */,
			);
			buildRules = (
			);
			dependencies = (
				D9C133E3191CDAD9002968D8 /* PBXTargetDependency */,
			);
			name = "ionicons FontTests";
			productName = "ionicons FontTests";
			productReference = D9C133DD191CDAD9002968D8 /* ionicons FontTests.xctest */;
			productType = "com.apple.product-type.bundle.unit-test";
		};
/* End PBXNativeTarget section */

/* Begin PBXProject section */
		D9C133B4191CDAD9002968D8 /* Project object */ = {
			isa = PBXProject;
			attributes = {
				CLASSPREFIX = S;
				LastUpgradeCheck = 0510;
				ORGANIZATIONNAME = "Sanfriend Co, Ltd.";
				TargetAttributes = {
					D9C133DC191CDAD9002968D8 = {
						TestTargetID = D9C133BB191CDAD9002968D8;
					};
				};
			};
			buildConfigurationList = D9C133B7191CDAD9002968D8 /* Build configuration list for PBXProject "ionicons Font" */;
			compatibilityVersion = "Xcode 3.2";
			developmentRegion = English;
			hasScannedForEncodings = 0;
			knownRegions = (
				en,
				Base,
			);
			mainGroup = D9C133B3191CDAD9002968D8;
			productRefGroup = D9C133BD191CDAD9002968D8 /* Products */;
			projectDirPath = "";
			projectRoot = "";
			targets = (
				D9C133BB191CDAD9002968D8 /* ionicons Font */,
				D9C133DC191CDAD9002968D8 /* ionicons FontTests */,
			);
		};
/* End PBXProject section */

/* Begin PBXResourcesBuildPhase section */
		D9C133BA191CDAD9002968D8 /* Resources */ = {
			isa = PBXResourcesBuildPhase;
			buildActionMask = 2147483647;
			files = (
				D9C133D8191CDAD9002968D8 /* Images.xcassets in Resources */,
				D9C133CA191CDAD9002968D8 /* InfoPlist.strings in Resources */,
				D9C133F8191CDB94002968D8 /* ionicons.ttf in Resources */,
				D9C133D3191CDAD9002968D8 /* Main.storyboard in Resources */,
			);
			runOnlyForDeploymentPostprocessing = 0;
		};
		D9C133DB191CDAD9002968D8 /* Resources */ = {
			isa = PBXResourcesBuildPhase;
			buildActionMask = 2147483647;
			files = (
				D9C133E9191CDAD9002968D8 /* InfoPlist.strings in Resources */,
			);
			runOnlyForDeploymentPostprocessing = 0;
		};
/* End PBXResourcesBuildPhase section */

/* Begin PBXSourcesBuildPhase section */
		D9C133B8191CDAD9002968D8 /* Sources */ = {
			isa = PBXSourcesBuildPhase;
			buildActionMask = 2147483647;
			files = (
				D9C133D0191CDAD9002968D8 /* SAppDelegate.m in Sources */,
				D9C133D6191CDAD9002968D8 /* SViewController.m in Sources */,
				D9C133F9191CDB94002968D8 /* IonIconsKit.m in Sources */,
				D9C133CC191CDAD9002968D8 /* main.m in Sources */,
			);
			runOnlyForDeploymentPostprocessing = 0;
		};
		D9C133D9191CDAD9002968D8 /* Sources */ = {
			isa = PBXSourcesBuildPhase;
			buildActionMask = 2147483647;
			files = (
				D9C133EB191CDAD9002968D8 /* ionicons_FontTests.m in Sources */,
			);
			runOnlyForDeploymentPostprocessing = 0;
		};
/* End PBXSourcesBuildPhase section */

/* Begin PBXTargetDependency section */
		D9C133E3191CDAD9002968D8 /* PBXTargetDependency */ = {
			isa = PBXTargetDependency;
			target = D9C133BB191CDAD9002968D8 /* ionicons Font */;
			targetProxy = D9C133E2191CDAD9002968D8 /* PBXContainerItemProxy */;
		};
/* End PBXTargetDependency section */

/* Begin PBXVariantGroup section */
		D9C133C8191CDAD9002968D8 /* InfoPlist.strings */ = {
			isa = PBXVariantGroup;
			children = (
				D9C133C9191CDAD9002968D8 /* en */,
			);
			name = InfoPlist.strings;
			sourceTree = "<group>";
		};
		D9C133D1191CDAD9002968D8 /* Main.storyboard */ = {
			isa = PBXVariantGroup;
			children = (
				D9C133D2191CDAD9002968D8 /* Base */,
			);
			name = Main.storyboard;
			sourceTree = "<group>";
		};
		D9C133E7191CDAD9002968D8 /* InfoPlist.strings */ = {
			isa = PBXVariantGroup;
			children = (
				D9C133E8191CDAD9002968D8 /* en */,
			);
			name = InfoPlist.strings;
			sourceTree = "<group>";
		};
/* End PBXVariantGroup section */

/* Begin XCBuildConfiguration section */
		D9C133EC191CDAD9002968D8 /* Debug */ = {
			isa = XCBuildConfiguration;
			buildSettings = {
				ALWAYS_SEARCH_USER_PATHS = NO;
				CLANG_CXX_LANGUAGE_STANDARD = "gnu++0x";
				CLANG_CXX_LIBRARY = "libc++";
				CLANG_ENABLE_MODULES = YES;
				CLANG_ENABLE_OBJC_ARC = YES;
				CLANG_WARN_BOOL_CONVERSION = YES;
				CLANG_WARN_CONSTANT_CONVERSION = YES;
				CLANG_WARN_DIRECT_OBJC_ISA_USAGE = YES_ERROR;
				CLANG_WARN_EMPTY_BODY = YES;
				CLANG_WARN_ENUM_CONVERSION = YES;
				CLANG_WARN_INT_CONVERSION = YES;
				CLANG_WARN_OBJC_ROOT_CLASS = YES_ERROR;
				CLANG_WARN__DUPLICATE_METHOD_MATCH = YES;
				"CODE_SIGN_IDENTITY[sdk=iphoneos*]" = "iPhone Developer";
				COPY_PHASE_STRIP = NO;
				GCC_C_LANGUAGE_STANDARD = gnu99;
				GCC_DYNAMIC_NO_PIC = NO;
				GCC_OPTIMIZATION_LEVEL = 0;
				GCC_PREPROCESSOR_DEFINITIONS = (
					"DEBUG=1",
					"$(inherited)",
				);
				GCC_SYMBOLS_PRIVATE_EXTERN = NO;
				GCC_WARN_64_TO_32_BIT_CONVERSION = YES;
				GCC_WARN_ABOUT_RETURN_TYPE = YES_ERROR;
				GCC_WARN_UNDECLARED_SELECTOR = YES;
				GCC_WARN_UNINITIALIZED_AUTOS = YES_AGGRESSIVE;
				GCC_WARN_UNUSED_FUNCTION = YES;
				GCC_WARN_UNUSED_VARIABLE = YES;
				IPHONEOS_DEPLOYMENT_TARGET = 7.1;
				ONLY_ACTIVE_ARCH = YES;
				SDKROOT = iphoneos;
			};
			name = Debug;
		};
		D9C133ED191CDAD9002968D8 /* Release */ = {
			isa = XCBuildConfiguration;
			buildSettings = {
				ALWAYS_SEARCH_USER_PATHS = NO;
				CLANG_CXX_LANGUAGE_STANDARD = "gnu++0x";
				CLANG_CXX_LIBRARY = "libc++";
				CLANG_ENABLE_MODULES = YES;
				CLANG_ENABLE_OBJC_ARC = YES;
				CLANG_WARN_BOOL_CONVERSION = YES;
				CLANG_WARN_CONSTANT_CONVERSION = YES;
				CLANG_WARN_DIRECT_OBJC_ISA_USAGE = YES_ERROR;
				CLANG_WARN_EMPTY_BODY = YES;
				CLANG_WARN_ENUM_CONVERSION = YES;
				CLANG_WARN_INT_CONVERSION = YES;
				CLANG_WARN_OBJC_ROOT_CLASS = YES_ERROR;
				CLANG_WARN__DUPLICATE_METHOD_MATCH = YES;
				"CODE_SIGN_IDENTITY[sdk=iphoneos*]" = "iPhone Developer";
				COPY_PHASE_STRIP = YES;
				ENABLE_NS_ASSERTIONS = NO;
				GCC_C_LANGUAGE_STANDARD = gnu99;
				GCC_WARN_64_TO_32_BIT_CONVERSION = YES;
				GCC_WARN_ABOUT_RETURN_TYPE = YES_ERROR;
				GCC_WARN_UNDECLARED_SELECTOR = YES;
				GCC_WARN_UNINITIALIZED_AUTOS = YES_AGGRESSIVE;
				GCC_WARN_UNUSED_FUNCTION = YES;
				GCC_WARN_UNUSED_VARIABLE = YES;
				IPHONEOS_DEPLOYMENT_TARGET = 7.1;
				SDKROOT = iphoneos;
				VALIDATE_PRODUCT = YES;
			};
			name = Release;
		};
		D9C133EF191CDAD9002968D8 /* Debug */ = {
			isa = XCBuildConfiguration;
			buildSettings = {
				ASSETCATALOG_COMPILER_APPICON_NAME = AppIcon;
				ASSETCATALOG_COMPILER_LAUNCHIMAGE_NAME = LaunchImage;
				GCC_PRECOMPILE_PREFIX_HEADER = YES;
				GCC_PREFIX_HEADER = "ionicons Font/ionicons Font-Prefix.pch";
				INFOPLIST_FILE = "ionicons Font/ionicons Font-Info.plist";
				IPHONEOS_DEPLOYMENT_TARGET = 7.0;
				PRODUCT_NAME = "$(TARGET_NAME)";
				WRAPPER_EXTENSION = app;
			};
			name = Debug;
		};
		D9C133F0191CDAD9002968D8 /* Release */ = {
			isa = XCBuildConfiguration;
			buildSettings = {
				ASSETCATALOG_COMPILER_APPICON_NAME = AppIcon;
				ASSETCATALOG_COMPILER_LAUNCHIMAGE_NAME = LaunchImage;
				GCC_PRECOMPILE_PREFIX_HEADER = YES;
				GCC_PREFIX_HEADER = "ionicons Font/ionicons Font-Prefix.pch";
				INFOPLIST_FILE = "ionicons Font/ionicons Font-Info.plist";
				IPHONEOS_DEPLOYMENT_TARGET = 7.0;
				PRODUCT_NAME = "$(TARGET_NAME)";
				WRAPPER_EXTENSION = app;
			};
			name = Release;
		};
		D9C133F2191CDAD9002968D8 /* Debug */ = {
			isa = XCBuildConfiguration;
			buildSettings = {
				BUNDLE_LOADER = "$(BUILT_PRODUCTS_DIR)/ionicons Font.app/ionicons Font";
				FRAMEWORK_SEARCH_PATHS = (
					"$(SDKROOT)/Developer/Library/Frameworks",
					"$(inherited)",
					"$(DEVELOPER_FRAMEWORKS_DIR)",
				);
				GCC_PRECOMPILE_PREFIX_HEADER = YES;
				GCC_PREFIX_HEADER = "ionicons Font/ionicons Font-Prefix.pch";
				GCC_PREPROCESSOR_DEFINITIONS = (
					"DEBUG=1",
					"$(inherited)",
				);
				INFOPLIST_FILE = "ionicons FontTests/ionicons FontTests-Info.plist";
				PRODUCT_NAME = "$(TARGET_NAME)";
				TEST_HOST = "$(BUNDLE_LOADER)";
				WRAPPER_EXTENSION = xctest;
			};
			name = Debug;
		};
		D9C133F3191CDAD9002968D8 /* Release */ = {
			isa = XCBuildConfiguration;
			buildSettings = {
				BUNDLE_LOADER = "$(BUILT_PRODUCTS_DIR)/ionicons Font.app/ionicons Font";
				FRAMEWORK_SEARCH_PATHS = (
					"$(SDKROOT)/Developer/Library/Frameworks",
					"$(inherited)",
					"$(DEVELOPER_FRAMEWORKS_DIR)",
				);
				GCC_PRECOMPILE_PREFIX_HEADER = YES;
				GCC_PREFIX_HEADER = "ionicons Font/ionicons Font-Prefix.pch";
				INFOPLIST_FILE = "ionicons FontTests/ionicons FontTests-Info.plist";
				PRODUCT_NAME = "$(TARGET_NAME)";
				TEST_HOST = "$(BUNDLE_LOADER)";
				WRAPPER_EXTENSION = xctest;
			};
			name = Release;
		};
/* End XCBuildConfiguration section */

/* Begin XCConfigurationList section */
		D9C133B7191CDAD9002968D8 /* Build configuration list for PBXProject "ionicons Font" */ = {
			isa = XCConfigurationList;
			buildConfigurations = (
				D9C133EC191CDAD9002968D8 /* Debug */,
				D9C133ED191CDAD9002968D8 /* Release */,
			);
			defaultConfigurationIsVisible = 0;
			defaultConfigurationName = Release;
		};
		D9C133EE191CDAD9002968D8 /* Build configuration list for PBXNativeTarget "ionicons Font" */ = {
			isa = XCConfigurationList;
			buildConfigurations = (
				D9C133EF191CDAD9002968D8 /* Debug */,
				D9C133F0191CDAD9002968D8 /* Release */,
			);
			defaultConfigurationIsVisible = 0;
		};
		D9C133F1191CDAD9002968D8 /* Build configuration list for PBXNativeTarget "ionicons FontTests" */ = {
			isa = XCConfigurationList;
			buildConfigurations = (
				D9C133F2191CDAD9002968D8 /* Debug */,
				D9C133F3191CDAD9002968D8 /* Release */,
			);
			defaultConfigurationIsVisible = 0;
		};
/* End XCConfigurationList section */
	};
	rootObject = D9C133B4191CDAD9002968D8 /* Project object */;
}
